# generated by rye
# use `rye lock` or `rye sync` to update this lockfile
#
# last locked with the following flags:
#   pre: false
#   features: []
#   all-features: false
#   with-sources: false
#   generate-hashes: false
#   universal: false

-e file:.
-e file:../autogen-agentchat
    # via autogen-ext
-e file:../autogen-core
    # via autogen-agentchat
    # via autogen-ext
annotated-types==0.7.0
    # via pydantic
deprecated==1.2.18
    # via opentelemetry-api
importlib-metadata==8.6.1
    # via opentelemetry-api
jsonref==1.1.0
    # via autogen-core
opentelemetry-api==1.33.0
    # via autogen-core
pillow==11.2.1
    # via autogen-core
protobuf==5.29.4
    # via autogen-core
pydantic==2.11.4
    # via autogen-core
pydantic-core==2.33.2
    # via pydantic
typing-extensions==4.13.2
    # via autogen-core
    # via pydantic
    # via pydantic-core
    # via typing-inspection
typing-inspection==0.4.0
    # via pydantic
wrapt==1.17.2
    # via deprecated
zipp==3.21.0
    # via importlib-metadata
